
Microsoft Visual Studio Solution File, Format Version 12.00
# Visual Studio Version 17
VisualStudioVersion = 17.11.35327.3
MinimumVisualStudioVersion = 10.0.40219.1
Project("{2150E333-8FDC-42A3-9474-1A3956D46DE8}") = "src", "src", "{72EA0221-D19C-48FA-A56C-BDEFB82F2F67}"
EndProject
Project("{2150E333-8FDC-42A3-9474-1A3956D46DE8}") = "test", "test", "{376FD58F-EEB9-45CC-9624-2440DAFC2E0F}"
EndProject
Project("{2150E333-8FDC-42A3-9474-1A3956D46DE8}") = "Core", "Core", "{3D68DB9C-CEBC-4A3E-BA52-BFD6C480BD5F}"
EndProject
Project("{2150E333-8FDC-42A3-9474-1A3956D46DE8}") = "Infrastructure", "Infrastructure", "{3CFC4113-4647-4286-8739-49EB712153B4}"
EndProject
Project("{2150E333-8FDC-42A3-9474-1A3956D46DE8}") = "API", "API", "{86CA0789-7844-458C-BBDF-52F8E8C75CC9}"
EndProject
Project("{2150E333-8FDC-42A3-9474-1A3956D46DE8}") = "UI", "UI", "{92DC6835-992C-4814-B2FD-96B17B49FBC3}"
EndProject
Project("{9A19103F-16F7-4668-BE54-9A1E7A4F7556}") = "Domain", "Domain\Domain.csproj", "{EC3CD59D-ABE0-4112-9CB0-EDEB57E0750C}"
EndProject
Project("{FAE04EC0-301F-11D3-BF4B-00C04F79EFBC}") = "Application", "Application\Application.csproj", "{94AC32C3-3176-4305-9300-3629F51C5430}"
EndProject
Global
	GlobalSection(SolutionConfigurationPlatforms) = preSolution
		Debug|Any CPU = Debug|Any CPU
		Release|Any CPU = Release|Any CPU
	EndGlobalSection
	GlobalSection(ProjectConfigurationPlatforms) = postSolution
		{EC3CD59D-ABE0-4112-9CB0-EDEB57E0750C}.Debug|Any CPU.ActiveCfg = Debug|Any CPU
		{EC3CD59D-ABE0-4112-9CB0-EDEB57E0750C}.Debug|Any CPU.Build.0 = Debug|Any CPU
		{EC3CD59D-ABE0-4112-9CB0-EDEB57E0750C}.Release|Any CPU.ActiveCfg = Release|Any CPU
		{EC3CD59D-ABE0-4112-9CB0-EDEB57E0750C}.Release|Any CPU.Build.0 = Release|Any CPU
		{94AC32C3-3176-4305-9300-3629F51C5430}.Debug|Any CPU.ActiveCfg = Debug|Any CPU
		{94AC32C3-3176-4305-9300-3629F51C5430}.Debug|Any CPU.Build.0 = Debug|Any CPU
		{94AC32C3-3176-4305-9300-3629F51C5430}.Release|Any CPU.ActiveCfg = Release|Any CPU
		{94AC32C3-3176-4305-9300-3629F51C5430}.Release|Any CPU.Build.0 = Release|Any CPU
	EndGlobalSection
	GlobalSection(SolutionProperties) = preSolution
		HideSolutionNode = FALSE
	EndGlobalSection
	GlobalSection(NestedProjects) = preSolution
		{3D68DB9C-CEBC-4A3E-BA52-BFD6C480BD5F} = {72EA0221-D19C-48FA-A56C-BDEFB82F2F67}
		{3CFC4113-4647-4286-8739-49EB712153B4} = {72EA0221-D19C-48FA-A56C-BDEFB82F2F67}
		{86CA0789-7844-458C-BBDF-52F8E8C75CC9} = {72EA0221-D19C-48FA-A56C-BDEFB82F2F67}
		{92DC6835-992C-4814-B2FD-96B17B49FBC3} = {72EA0221-D19C-48FA-A56C-BDEFB82F2F67}
		{EC3CD59D-ABE0-4112-9CB0-EDEB57E0750C} = {3D68DB9C-CEBC-4A3E-BA52-BFD6C480BD5F}
		{94AC32C3-3176-4305-9300-3629F51C5430} = {3D68DB9C-CEBC-4A3E-BA52-BFD6C480BD5F}
	EndGlobalSection
	GlobalSection(ExtensibilityGlobals) = postSolution
		SolutionGuid = {D898550C-41CE-4885-A64D-7147A00D0EE2}
	EndGlobalSection
EndGlobal
